// !$*UTF8*$!
{
	archiveVersion = 1;
	classes = {
	};
	objectVersion = 50;
	objects = {

/* Begin PBXBuildFile section */
		CAFF0AAC25319D7A008D2FCB /* AppDelegate.swift in Sources */ = {isa = PBXBuildFile; fileRef = CAFF0AAB25319D7A008D2FCB /* AppDelegate.swift */; };
		CAFF0AAE25319D7A008D2FCB /* SceneDelegate.swift in Sources */ = {isa = PBXBuildFile; fileRef = CAFF0AAD25319D7A008D2FCB /* SceneDelegate.swift */; };
		CAFF0AB025319D7A008D2FCB /* ContentView.swift in Sources */ = {isa = PBXBuildFile; fileRef = CAFF0AAF25319D7A008D2FCB /* ContentView.swift */; };
		CAFF0AB225319D7A008D2FCB /* Assets.xcassets in Resources */ = {isa = PBXBuildFile; fileRef = CAFF0AB125319D7A008D2FCB /* Assets.xcassets */; };
		CAFF0AB525319D7A008D2FCB /* Preview Assets.xcassets in Resources */ = {isa = PBXBuildFile; fileRef = CAFF0AB425319D7A008D2FCB /* Preview Assets.xcassets */; };
		CAFF0AB825319D7A008D2FCB /* LaunchScreen.storyboard in Resources */ = {isa = PBXBuildFile; fileRef = CAFF0AB625319D7A008D2FCB /* LaunchScreen.storyboard */; };
/* End PBXBuildFile section */

/* Begin PBXFileReference section */
		CAFF0AA825319D7A008D2FCB /* SolutionConcept.app */ = {isa = PBXFileReference; explicitFileType = wrapper.application; includeInIndex = 0; path = SolutionConcept.app; sourceTree = BUILT_PRODUCTS_DIR; };
		CAFF0AAB25319D7A008D2FCB /* AppDelegate.swift */ = {isa = PBXFileReference; lastKnownFileType = sourcecode.swift; path = AppDelegate.swift; sourceTree = "<group>"; };
		CAFF0AAD25319D7A008D2FCB /* SceneDelegate.swift */ = {isa = PBXFileReference; lastKnownFileType = sourcecode.swift; path = SceneDelegate.swift; sourceTree = "<group>"; };
		CAFF0AAF25319D7A008D2FCB /* ContentView.swift */ = {isa = PBXFileReference; lastKnownFileType = sourcecode.swift; path = ContentView.swift; sourceTree = "<group>"; };
		CAFF0AB125319D7A008D2FCB /* Assets.xcassets */ = {isa = PBXFileReference; lastKnownFileType = folder.assetcatalog; path = Assets.xcassets; sourceTree = "<group>"; };
		CAFF0AB425319D7A008D2FCB /* Preview Assets.xcassets */ = {isa = PBXFileReference; lastKnownFileType = folder.assetcatalog; path = "Preview Assets.xcassets"; sourceTree = "<group>"; };
		CAFF0AB725319D7A008D2FCB /* Base */ = {isa = PBXFileReference; lastKnownFileType = file.storyboard; name = Base; path = Base.lproj/LaunchScreen.storyboard; sourceTree = "<group>"; };
		CAFF0AB925319D7A008D2FCB /* Info.plist */ = {isa = PBXFileReference; lastKnownFileType = text.plist.xml; path = Info.plist; sourceTree = "<group>"; };
/* End PBXFileReference section */

/* Begin PBXFrameworksBuildPhase section */
		CAFF0AA525319D7A008D2FCB /* Frameworks */ = {
			isa = PBXFrameworksBuildPhase;
			buildActionMask = 2147483647;
			files = (
			);
			runOnlyForDeploymentPostprocessing = 0;
		};
/* End PBXFrameworksBuildPhase section */

/* Begin PBXGroup section */
		CAFF0A9F25319D7A008D2FCB = {
			isa = PBXGroup;
			children = (
				CAFF0AAA25319D7A008D2FCB /* SolutionConcept */,
				CAFF0AA925319D7A008D2FCB /* Products */,
			);
			sourceTree = "<group>";
		};
		CAFF0AA925319D7A008D2FCB /* Products */ = {
			isa = PBXGroup;
			children = (
				CAFF0AA825319D7A008D2FCB /* SolutionConcept.app */,
			);
			name = Products;
			sourceTree = "<group>";
		};
		CAFF0AAA25319D7A008D2FCB /* SolutionConcept */ = {
			isa = PBXGroup;
			children = (
				CAFF0AAB25319D7A008D2FCB /* AppDelegate.swift */,
				CAFF0AAD25319D7A008D2FCB /* SceneDelegate.swift */,
				CAFF0AAF25319D7A008D2FCB /* ContentView.swift */,
				CAFF0AB125319D7A008D2FCB /* Assets.xcassets */,
				CAFF0AB625319D7A008D2FCB /* LaunchScreen.storyboard */,
				CAFF0AB925319D7A008D2FCB /* Info.plist */,
				CAFF0AB325319D7A008D2FCB /* Preview Content */,
			);
			path = SolutionConcept;
			sourceTree = "<group>";
		};
		CAFF0AB325319D7A008D2FCB /* Preview Content */ = {
			isa = PBXGroup;
			children = (
				CAFF0AB425319D7A008D2FCB /* Preview Assets.xcassets */,
			);
			path = "Preview Content";
			sourceTree = "<group>";
		};
/* End PBXGroup section */

/* Begin PBXNativeTarget section */
		CAFF0AA725319D7A008D2FCB /* SolutionConcept */ = {
			isa = PBXNativeTarget;
			buildConfigurationList = CAFF0ABC25319D7A008D2FCB /* Build configuration list for PBXNativeTarget "SolutionConcept" */;
			buildPhases = (
				CAFF0AA425319D7A008D2FCB /* Sources */,
				CAFF0AA525319D7A008D2FCB /* Frameworks */,
				CAFF0AA625319D7A008D2FCB /* Resources */,
			);
			buildRules = (
			);
			dependencies = (
			);
			name = SolutionConcept;
			productName = SolutionConcept;
			productReference = CAFF0AA825319D7A008D2FCB /* SolutionConcept.app */;
			productType = "com.apple.product-type.application";
		};
/* End PBXNativeTarget section */

/* Begin PBXProject section */
		CAFF0AA025319D7A008D2FCB /* Project object */ = {
			isa = PBXProject;
			attributes = {
				LastSwiftUpdateCheck = 1200;
				LastUpgradeCheck = 1200;
				TargetAttributes = {
					CAFF0AA725319D7A008D2FCB = {
						CreatedOnToolsVersion = 12.0.1;
					};
				};
			};
			buildConfigurationList = CAFF0AA325319D7A008D2FCB /* Build configuration list for PBXProject "SolutionConcept" */;
			compatibilityVersion = "Xcode 9.3";
			developmentRegion = en;
			hasScannedForEncodings = 0;
			knownRegions = (
				en,
				Base,
			);
			mainGroup = CAFF0A9F25319D7A008D2FCB;
			productRefGroup = CAFF0AA925319D7A008D2FCB /* Products */;
			projectDirPath = "";
			projectRoot = "";
			targets = (
				CAFF0AA725319D7A008D2FCB /* SolutionConcept */,
			);
		};
/* End PBXProject section */

/* Begin PBXResourcesBuildPhase section */
		CAFF0AA625319D7A008D2FCB /* Resources */ = {
			isa = PBXResourcesBuildPhase;
			buildActionMask = 2147483647;
			files = (
				CAFF0AB825319D7A008D2FCB /* LaunchScreen.storyboard in Resources */,
				CAFF0AB525319D7A008D2FCB /* Preview Assets.xcassets in Resources */,
				CAFF0AB225319D7A008D2FCB /* Assets.xcassets in Resources */,
			);
			runOnlyForDeploymentPostprocessing = 0;
		};
/* End PBXResourcesBuildPhase section */

/* Begin PBXSourcesBuildPhase section */
		CAFF0AA425319D7A008D2FCB /* Sources */ = {
			isa = PBXSourcesBuildPhase;
			buildActionMask = 2147483647;
			files = (
				CAFF0AAC25319D7A008D2FCB /* AppDelegate.swift in Sources */,
				CAFF0AAE25319D7A008D2FCB /* SceneDelegate.swift in Sources */,
				CAFF0AB025319D7A008D2FCB /* ContentView.swift in Sources */,
			);
			runOnlyForDeploymentPostprocessing = 0;
		};
/* End PBXSourcesBuildPhase section */

/* Begin PBXVariantGroup section */
		CAFF0AB625319D7A008D2FCB /* LaunchScreen.storyboard */ = {
			isa = PBXVariantGroup;
			children = (
				CAFF0AB725319D7A008D2FCB /* Base */,
			);
			name = LaunchScreen.storyboard;
			sourceTree = "<group>";
		};
/* End PBXVariantGroup section */

/* Begin XCBuildConfiguration section */
		CAFF0ABA25319D7A008D2FCB /* Debug */ = {
			isa = XCBuildConfiguration;
			buildSettings = {
				ALWAYS_SEARCH_USER_PATHS = NO;
				CLANG_ANALYZER_NONNULL = YES;
				CLANG_ANALYZER_NUMBER_OBJECT_CONVERSION = YES_AGGRESSIVE;
				CLANG_CXX_LANGUAGE_STANDARD = "gnu++14";
				CLANG_CXX_LIBRARY = "libc++";
				CLANG_ENABLE_MODULES = YES;
				CLANG_ENABLE_OBJC_ARC = YES;
				CLANG_ENABLE_OBJC_WEAK = YES;
				CLANG_WARN_BLOCK_CAPTURE_AUTORELEASING = YES;
				CLANG_WARN_BOOL_CONVERSION = YES;
				CLANG_WARN_COMMA = YES;
				CLANG_WARN_CONSTANT_CONVERSION = YES;
				CLANG_WARN_DEPRECATED_OBJC_IMPLEMENTATIONS = YES;
				CLANG_WARN_DIRECT_OBJC_ISA_USAGE = YES_ERROR;
				CLANG_WARN_DOCUMENTATION_COMMENTS = YES;
				CLANG_WARN_EMPTY_BODY = YES;
				CLANG_WARN_ENUM_CONVERSION = YES;
				CLANG_WARN_INFINITE_RECURSION = YES;
				CLANG_WARN_INT_CONVERSION = YES;
				CLANG_WARN_NON_LITERAL_NULL_CONVERSION = YES;
				CLANG_WARN_OBJC_IMPLICIT_RETAIN_SELF = YES;
				CLANG_WARN_OBJC_LITERAL_CONVERSION = YES;
				CLANG_WARN_OBJC_ROOT_CLASS = YES_ERROR;
				CLANG_WARN_QUOTED_INCLUDE_IN_FRAMEWORK_HEADER = YES;
				CLANG_WARN_RANGE_LOOP_ANALYSIS = YES;
				CLANG_WARN_STRICT_PROTOTYPES = YES;
				CLANG_WARN_SUSPICIOUS_MOVE = YES;
				CLANG_WARN_UNGUARDED_AVAILABILITY = YES_AGGRESSIVE;
				CLANG_WARN_UNREACHABLE_CODE = YES;
				CLANG_WARN__DUPLICATE_METHOD_MATCH = YES;
				COPY_PHASE_STRIP = NO;
				DEBUG_INFORMATION_FORMAT = dwarf;
				ENABLE_STRICT_OBJC_MSGSEND = YES;
				ENABLE_TESTABILITY = YES;
				GCC_C_LANGUAGE_STANDARD = gnu11;
				GCC_DYNAMIC_NO_PIC = NO;
				GCC_NO_COMMON_BLOCKS = YES;
				GCC_OPTIMIZATION_LEVEL = 0;
				GCC_PREPROCESSOR_DEFINITIONS = (
					"DEBUG=1",
					"$(inherited)",
				);
				GCC_WARN_64_TO_32_BIT_CONVERSION = YES;
				GCC_WARN_ABOUT_RETURN_TYPE = YES_ERROR;
				GCC_WARN_UNDECLARED_SELECTOR = YES;
				GCC_WARN_UNINITIALIZED_AUTOS = YES_AGGRESSIVE;
				GCC_WARN_UNUSED_FUNCTION = YES;
				GCC_WARN_UNUSED_VARIABLE = YES;
				IPHONEOS_DEPLOYMENT_TARGET = 14.0;
				MTL_ENABLE_DEBUG_INFO = INCLUDE_SOURCE;
				MTL_FAST_MATH = YES;
				ONLY_ACTIVE_ARCH = YES;
				SDKROOT = iphoneos;
				SWIFT_ACTIVE_COMPILATION_CONDITIONS = DEBUG;
				SWIFT_OPTIMIZATION_LEVEL = "-Onone";
			};
			name = Debug;
		};
		CAFF0ABB25319D7A008D2FCB /* Release */ = {
			isa = XCBuildConfiguration;
			buildSettings = {
				ALWAYS_SEARCH_USER_PATHS = NO;
				CLANG_ANALYZER_NONNULL = YES;
				CLANG_ANALYZER_NUMBER_OBJECT_CONVERSION = YES_AGGRESSIVE;
				CLANG_CXX_LANGUAGE_STANDARD = "gnu++14";
				CLANG_CXX_LIBRARY = "libc++";
				CLANG_ENABLE_MODULES = YES;
				CLANG_ENABLE_OBJC_ARC = YES;
				CLANG_ENABLE_OBJC_WEAK = YES;
				CLANG_WARN_BLOCK_CAPTURE_AUTORELEASING = YES;
				CLANG_WARN_BOOL_CONVERSION = YES;
				CLANG_WARN_COMMA = YES;
				CLANG_WARN_CONSTANT_CONVERSION = YES;
				CLANG_WARN_DEPRECATED_OBJC_IMPLEMENTATIONS = YES;
				CLANG_WARN_DIRECT_OBJC_ISA_USAGE = YES_ERROR;
				CLANG_WARN_DOCUMENTATION_COMMENTS = YES;
				CLANG_WARN_EMPTY_BODY = YES;
				CLANG_WARN_ENUM_CONVERSION = YES;
				CLANG_WARN_INFINITE_RECURSION = YES;
				CLANG_WARN_INT_CONVERSION = YES;
				CLANG_WARN_NON_LITERAL_NULL_CONVERSION = YES;
				CLANG_WARN_OBJC_IMPLICIT_RETAIN_SELF = YES;
				CLANG_WARN_OBJC_LITERAL_CONVERSION = YES;
				CLANG_WARN_OBJC_ROOT_CLASS = YES_ERROR;
				CLANG_WARN_QUOTED_INCLUDE_IN_FRAMEWORK_HEADER = YES;
				CLANG_WARN_RANGE_LOOP_ANALYSIS = YES;
				CLANG_WARN_STRICT_PROTOTYPES = YES;
				CLANG_WARN_SUSPICIOUS_MOVE = YES;
				CLANG_WARN_UNGUARDED_AVAILABILITY = YES_AGGRESSIVE;
				CLANG_WARN_UNREACHABLE_CODE = YES;
				CLANG_WARN__DUPLICATE_METHOD_MATCH = YES;
				COPY_PHASE_STRIP = NO;
				DEBUG_INFORMATION_FORMAT = "dwarf-with-dsym";
				ENABLE_NS_ASSERTIONS = NO;
				ENABLE_STRICT_OBJC_MSGSEND = YES;
				GCC_C_LANGUAGE_STANDARD = gnu11;
				GCC_NO_COMMON_BLOCKS = YES;
				GCC_WARN_64_TO_32_BIT_CONVERSION = YES;
				GCC_WARN_ABOUT_RETURN_TYPE = YES_ERROR;
				GCC_WARN_UNDECLARED_SELECTOR = YES;
				GCC_WARN_UNINITIALIZED_AUTOS = YES_AGGRESSIVE;
				GCC_WARN_UNUSED_FUNCTION = YES;
				GCC_WARN_UNUSED_VARIABLE = YES;
				IPHONEOS_DEPLOYMENT_TARGET = 14.0;
				MTL_ENABLE_DEBUG_INFO = NO;
				MTL_FAST_MATH = YES;
				SDKROOT = iphoneos;
				SWIFT_COMPILATION_MODE = wholemodule;
				SWIFT_OPTIMIZATION_LEVEL = "-O";
				VALIDATE_PRODUCT = YES;
			};
			name = Release;
		};
		CAFF0ABD25319D7A008D2FCB /* Debug */ = {
			isa = XCBuildConfiguration;
			buildSettings = {
				ASSETCATALOG_COMPILER_APPICON_NAME = AppIcon;
				ASSETCATALOG_COMPILER_GLOBAL_ACCENT_COLOR_NAME = AccentColor;
				CODE_SIGN_STYLE = Automatic;
				DEVELOPMENT_ASSET_PATHS = "\"SolutionConcept/Preview Content\"";
				DEVELOPMENT_TEAM = D89FSBU974;
				ENABLE_PREVIEWS = YES;
				INFOPLIST_FILE = SolutionConcept/Info.plist;
				LD_RUNPATH_SEARCH_PATHS = (
					"$(inherited)",
					"@executable_path/Frameworks",
				);
				PRODUCT_BUNDLE_IDENTIFIER = com.suryatama.SolutionConcept;
				PRODUCT_NAME = "$(TARGET_NAME)";
				SWIFT_VERSION = 5.0;
				TARGETED_DEVICE_FAMILY = "1,2";
			};
			name = Debug;
		};
		CAFF0ABE25319D7A008D2FCB /* Release */ = {
			isa = XCBuildConfiguration;
			buildSettings = {
				ASSETCATALOG_COMPILER_APPICON_NAME = AppIcon;
				ASSETCATALOG_COMPILER_GLOBAL_ACCENT_COLOR_NAME = AccentColor;
				CODE_SIGN_STYLE = Automatic;
				DEVELOPMENT_ASSET_PATHS = "\"SolutionConcept/Preview Content\"";
				DEVELOPMENT_TEAM = D89FSBU974;
				ENABLE_PREVIEWS = YES;
				INFOPLIST_FILE = SolutionConcept/Info.plist;
				LD_RUNPATH_SEARCH_PATHS = (
					"$(inherited)",
					"@executable_path/Frameworks",
				);
				PRODUCT_BUNDLE_IDENTIFIER = com.suryatama.SolutionConcept;
				PRODUCT_NAME = "$(TARGET_NAME)";
				SWIFT_VERSION = 5.0;
				TARGETED_DEVICE_FAMILY = "1,2";
			};
			name = Release;
		};
/* End XCBuildConfiguration section */

/* Begin XCConfigurationList section */
		CAFF0AA325319D7A008D2FCB /* Build configuration list for PBXProject "SolutionConcept" */ = {
			isa = XCConfigurationList;
			buildConfigurations = (
				CAFF0ABA25319D7A008D2FCB /* Debug */,
				CAFF0ABB25319D7A008D2FCB /* Release */,
			);
			defaultConfigurationIsVisible = 0;
			defaultConfigurationName = Release;
		};
		CAFF0ABC25319D7A008D2FCB /* Build configuration list for PBXNativeTarget "SolutionConcept" */ = {
			isa = XCConfigurationList;
			buildConfigurations = (
				CAFF0ABD25319D7A008D2FCB /* Debug */,
				CAFF0ABE25319D7A008D2FCB /* Release */,
			);
			defaultConfigurationIsVisible = 0;
			defaultConfigurationName = Release;
		};
/* End XCConfigurationList section */
	};
	rootObject = CAFF0AA025319D7A008D2FCB /* Project object */;
}
